// !$*UTF8*$!
{
	archiveVersion = 1;
	classes = {
	};
	objectVersion = 48;
	objects = {

/* Begin PBXBuildFile section */
		5246E516213E06FC00F608E6 /* main.c in Sources */ = {isa = PBXBuildFile; fileRef = 5246E515213E06FC00F608E6 /* main.c */; };
		5246E51E213E077D00F608E6 /* OpenGL.framework in Frameworks */ = {isa = PBXBuildFile; fileRef = 5246E51D213E077D00F608E6 /* OpenGL.framework */; };
		5246E520213E07CD00F608E6 /* libglfw.3.2.dylib in Frameworks */ = {isa = PBXBuildFile; fileRef = 5246E51F213E07CD00F608E6 /* libglfw.3.2.dylib */; };
		5246E522213E07F400F608E6 /* glad.c in Sources */ = {isa = PBXBuildFile; fileRef = 5246E521213E07F400F608E6 /* glad.c */; };
		5246E528213E094E00F608E6 /* shader.c in Sources */ = {isa = PBXBuildFile; fileRef = 5246E527213E094E00F608E6 /* shader.c */; };
		5246E52A213E211B00F608E6 /* shouldbe33.txt in CopyFiles */ = {isa = PBXBuildFile; fileRef = 5246E529213E1E0A00F608E6 /* shouldbe33.txt */; };
		5281A74E213FA5DF00434067 /* vshader.vsh in CopyFiles */ = {isa = PBXBuildFile; fileRef = 5246E52B213E21AD00F608E6 /* vshader.vsh */; };
		5281A74F213FA5E900434067 /* fshader.fsh in CopyFiles */ = {isa = PBXBuildFile; fileRef = 5246E52C213E21C500F608E6 /* fshader.fsh */; };
/* End PBXBuildFile section */

/* Begin PBXCopyFilesBuildPhase section */
		5246E510213E06FC00F608E6 /* CopyFiles */ = {
			isa = PBXCopyFilesBuildPhase;
			buildActionMask = 12;
			dstPath = "";
			dstSubfolderSpec = 16;
			files = (
				5281A74F213FA5E900434067 /* fshader.fsh in CopyFiles */,
				5281A74E213FA5DF00434067 /* vshader.vsh in CopyFiles */,
				5246E52A213E211B00F608E6 /* shouldbe33.txt in CopyFiles */,
			);
			runOnlyForDeploymentPostprocessing = 0;
		};
/* End PBXCopyFilesBuildPhase section */

/* Begin PBXFileReference section */
		5246E512213E06FC00F608E6 /* gltut4 */ = {isa = PBXFileReference; explicitFileType = "compiled.mach-o.executable"; includeInIndex = 0; path = gltut4; sourceTree = BUILT_PRODUCTS_DIR; };
		5246E515213E06FC00F608E6 /* main.c */ = {isa = PBXFileReference; lastKnownFileType = sourcecode.c.c; path = main.c; sourceTree = "<group>"; };
		5246E51D213E077D00F608E6 /* OpenGL.framework */ = {isa = PBXFileReference; lastKnownFileType = wrapper.framework; name = OpenGL.framework; path = System/Library/Frameworks/OpenGL.framework; sourceTree = SDKROOT; };
		5246E51F213E07CD00F608E6 /* libglfw.3.2.dylib */ = {isa = PBXFileReference; lastKnownFileType = "compiled.mach-o.dylib"; name = libglfw.3.2.dylib; path = ../../../../../usr/local/Cellar/glfw/3.2.1/lib/libglfw.3.2.dylib; sourceTree = "<group>"; };
		5246E521213E07F400F608E6 /* glad.c */ = {isa = PBXFileReference; fileEncoding = 4; lastKnownFileType = sourcecode.c.c; name = glad.c; path = ../../../OpenGLStuff/glad/src/glad.c; sourceTree = "<group>"; };
		5246E525213E094D00F608E6 /* stb_image.h */ = {isa = PBXFileReference; fileEncoding = 4; lastKnownFileType = sourcecode.c.h; name = stb_image.h; path = ../../../OpenGLStuff/stb_image.h; sourceTree = "<group>"; };
		5246E526213E094E00F608E6 /* shader.h */ = {isa = PBXFileReference; fileEncoding = 4; lastKnownFileType = sourcecode.c.h; name = shader.h; path = ../../../OpenGLStuff/shader.h; sourceTree = "<group>"; };
		5246E527213E094E00F608E6 /* shader.c */ = {isa = PBXFileReference; fileEncoding = 4; lastKnownFileType = sourcecode.c.c; name = shader.c; path = ../../../OpenGLStuff/shader.c; sourceTree = "<group>"; };
		5246E529213E1E0A00F608E6 /* shouldbe33.txt */ = {isa = PBXFileReference; fileEncoding = 4; lastKnownFileType = text; name = shouldbe33.txt; path = ../../../shouldbe33.txt; sourceTree = "<group>"; };
		5246E52B213E21AD00F608E6 /* vshader.vsh */ = {isa = PBXFileReference; lastKnownFileType = sourcecode.glsl; path = vshader.vsh; sourceTree = "<group>"; };
		5246E52C213E21C500F608E6 /* fshader.fsh */ = {isa = PBXFileReference; lastKnownFileType = sourcecode.glsl; path = fshader.fsh; sourceTree = "<group>"; };
/* End PBXFileReference section */

/* Begin PBXFrameworksBuildPhase section */
		5246E50F213E06FC00F608E6 /* Frameworks */ = {
			isa = PBXFrameworksBuildPhase;
			buildActionMask = 2147483647;
			files = (
				5246E520213E07CD00F608E6 /* libglfw.3.2.dylib in Frameworks */,
				5246E51E213E077D00F608E6 /* OpenGL.framework in Frameworks */,
			);
			runOnlyForDeploymentPostprocessing = 0;
		};
/* End PBXFrameworksBuildPhase section */

/* Begin PBXGroup section */
		5246E509213E06FB00F608E6 = {
			isa = PBXGroup;
			children = (
				5246E514213E06FC00F608E6 /* gltut4 */,
				5246E513213E06FC00F608E6 /* Products */,
				5246E51C213E077C00F608E6 /* Frameworks */,
			);
			sourceTree = "<group>";
		};
		5246E513213E06FC00F608E6 /* Products */ = {
			isa = PBXGroup;
			children = (
				5246E512213E06FC00F608E6 /* gltut4 */,
			);
			name = Products;
			sourceTree = "<group>";
		};
		5246E514213E06FC00F608E6 /* gltut4 */ = {
			isa = PBXGroup;
			children = (
				5246E529213E1E0A00F608E6 /* shouldbe33.txt */,
				5246E527213E094E00F608E6 /* shader.c */,
				5246E526213E094E00F608E6 /* shader.h */,
				5246E525213E094D00F608E6 /* stb_image.h */,
				5246E521213E07F400F608E6 /* glad.c */,
				5246E515213E06FC00F608E6 /* main.c */,
				5246E52B213E21AD00F608E6 /* vshader.vsh */,
				5246E52C213E21C500F608E6 /* fshader.fsh */,
			);
			path = gltut4;
			sourceTree = "<group>";
		};
		5246E51C213E077C00F608E6 /* Frameworks */ = {
			isa = PBXGroup;
			children = (
				5246E51F213E07CD00F608E6 /* libglfw.3.2.dylib */,
				5246E51D213E077D00F608E6 /* OpenGL.framework */,
			);
			name = Frameworks;
			sourceTree = "<group>";
		};
/* End PBXGroup section */

/* Begin PBXNativeTarget section */
		5246E511213E06FC00F608E6 /* gltut4 */ = {
			isa = PBXNativeTarget;
			buildConfigurationList = 5246E519213E06FC00F608E6 /* Build configuration list for PBXNativeTarget "gltut4" */;
			buildPhases = (
				5246E50E213E06FC00F608E6 /* Sources */,
				5246E50F213E06FC00F608E6 /* Frameworks */,
				5246E510213E06FC00F608E6 /* CopyFiles */,
			);
			buildRules = (
			);
			dependencies = (
			);
			name = gltut4;
			productName = gltut4;
			productReference = 5246E512213E06FC00F608E6 /* gltut4 */;
			productType = "com.apple.product-type.tool";
		};
/* End PBXNativeTarget section */

/* Begin PBXProject section */
		5246E50A213E06FC00F608E6 /* Project object */ = {
			isa = PBXProject;
			attributes = {
				LastUpgradeCheck = 0920;
				ORGANIZATIONNAME = "Adenike Adeyemi";
				TargetAttributes = {
					5246E511213E06FC00F608E6 = {
						CreatedOnToolsVersion = 9.2;
						ProvisioningStyle = Automatic;
					};
				};
			};
			buildConfigurationList = 5246E50D213E06FC00F608E6 /* Build configuration list for PBXProject "gltut4" */;
			compatibilityVersion = "Xcode 8.0";
			developmentRegion = en;
			hasScannedForEncodings = 0;
			knownRegions = (
				en,
			);
			mainGroup = 5246E509213E06FB00F608E6;
			productRefGroup = 5246E513213E06FC00F608E6 /* Products */;
			projectDirPath = "";
			projectRoot = "";
			targets = (
				5246E511213E06FC00F608E6 /* gltut4 */,
			);
		};
/* End PBXProject section */

/* Begin PBXSourcesBuildPhase section */
		5246E50E213E06FC00F608E6 /* Sources */ = {
			isa = PBXSourcesBuildPhase;
			buildActionMask = 2147483647;
			files = (
				5246E516213E06FC00F608E6 /* main.c in Sources */,
				5246E528213E094E00F608E6 /* shader.c in Sources */,
				5246E522213E07F400F608E6 /* glad.c in Sources */,
			);
			runOnlyForDeploymentPostprocessing = 0;
		};
/* End PBXSourcesBuildPhase section */

/* Begin XCBuildConfiguration section */
		5246E517213E06FC00F608E6 /* Debug */ = {
			isa = XCBuildConfiguration;
			buildSettings = {
				ALWAYS_SEARCH_USER_PATHS = NO;
				CLANG_ANALYZER_NONNULL = YES;
				CLANG_ANALYZER_NUMBER_OBJECT_CONVERSION = YES_AGGRESSIVE;
				CLANG_CXX_LANGUAGE_STANDARD = "gnu++14";
				CLANG_CXX_LIBRARY = "libc++";
				CLANG_ENABLE_MODULES = YES;
				CLANG_ENABLE_OBJC_ARC = YES;
				CLANG_WARN_BLOCK_CAPTURE_AUTORELEASING = YES;
				CLANG_WARN_BOOL_CONVERSION = YES;
				CLANG_WARN_COMMA = YES;
				CLANG_WARN_CONSTANT_CONVERSION = YES;
				CLANG_WARN_DIRECT_OBJC_ISA_USAGE = YES_ERROR;
				CLANG_WARN_DOCUMENTATION_COMMENTS = YES;
				CLANG_WARN_EMPTY_BODY = YES;
				CLANG_WARN_ENUM_CONVERSION = YES;
				CLANG_WARN_INFINITE_RECURSION = YES;
				CLANG_WARN_INT_CONVERSION = YES;
				CLANG_WARN_NON_LITERAL_NULL_CONVERSION = YES;
				CLANG_WARN_OBJC_LITERAL_CONVERSION = YES;
				CLANG_WARN_OBJC_ROOT_CLASS = YES_ERROR;
				CLANG_WARN_RANGE_LOOP_ANALYSIS = YES;
				CLANG_WARN_STRICT_PROTOTYPES = YES;
				CLANG_WARN_SUSPICIOUS_MOVE = YES;
				CLANG_WARN_UNGUARDED_AVAILABILITY = YES_AGGRESSIVE;
				CLANG_WARN_UNREACHABLE_CODE = YES;
				CLANG_WARN__DUPLICATE_METHOD_MATCH = YES;
				CODE_SIGN_IDENTITY = "-";
				COPY_PHASE_STRIP = NO;
				DEBUG_INFORMATION_FORMAT = dwarf;
				ENABLE_STRICT_OBJC_MSGSEND = YES;
				ENABLE_TESTABILITY = YES;
				GCC_C_LANGUAGE_STANDARD = gnu11;
				GCC_DYNAMIC_NO_PIC = NO;
				GCC_NO_COMMON_BLOCKS = YES;
				GCC_OPTIMIZATION_LEVEL = 0;
				GCC_PREPROCESSOR_DEFINITIONS = (
					"DEBUG=1",
					"$(inherited)",
				);
				GCC_WARN_64_TO_32_BIT_CONVERSION = YES;
				GCC_WARN_ABOUT_RETURN_TYPE = YES_ERROR;
				GCC_WARN_UNDECLARED_SELECTOR = YES;
				GCC_WARN_UNINITIALIZED_AUTOS = YES_AGGRESSIVE;
				GCC_WARN_UNUSED_FUNCTION = YES;
				GCC_WARN_UNUSED_VARIABLE = YES;
				MACOSX_DEPLOYMENT_TARGET = 10.12;
				MTL_ENABLE_DEBUG_INFO = YES;
				ONLY_ACTIVE_ARCH = YES;
				SDKROOT = macosx;
			};
			name = Debug;
		};
		5246E518213E06FC00F608E6 /* Release */ = {
			isa = XCBuildConfiguration;
			buildSettings = {
				ALWAYS_SEARCH_USER_PATHS = NO;
				CLANG_ANALYZER_NONNULL = YES;
				CLANG_ANALYZER_NUMBER_OBJECT_CONVERSION = YES_AGGRESSIVE;
				CLANG_CXX_LANGUAGE_STANDARD = "gnu++14";
				CLANG_CXX_LIBRARY = "libc++";
				CLANG_ENABLE_MODULES = YES;
				CLANG_ENABLE_OBJC_ARC = YES;
				CLANG_WARN_BLOCK_CAPTURE_AUTORELEASING = YES;
				CLANG_WARN_BOOL_CONVERSION = YES;
				CLANG_WARN_COMMA = YES;
				CLANG_WARN_CONSTANT_CONVERSION = YES;
				CLANG_WARN_DIRECT_OBJC_ISA_USAGE = YES_ERROR;
				CLANG_WARN_DOCUMENTATION_COMMENTS = YES;
				CLANG_WARN_EMPTY_BODY = YES;
				CLANG_WARN_ENUM_CONVERSION = YES;
				CLANG_WARN_INFINITE_RECURSION = YES;
				CLANG_WARN_INT_CONVERSION = YES;
				CLANG_WARN_NON_LITERAL_NULL_CONVERSION = YES;
				CLANG_WARN_OBJC_LITERAL_CONVERSION = YES;
				CLANG_WARN_OBJC_ROOT_CLASS = YES_ERROR;
				CLANG_WARN_RANGE_LOOP_ANALYSIS = YES;
				CLANG_WARN_STRICT_PROTOTYPES = YES;
				CLANG_WARN_SUSPICIOUS_MOVE = YES;
				CLANG_WARN_UNGUARDED_AVAILABILITY = YES_AGGRESSIVE;
				CLANG_WARN_UNREACHABLE_CODE = YES;
				CLANG_WARN__DUPLICATE_METHOD_MATCH = YES;
				CODE_SIGN_IDENTITY = "-";
				COPY_PHASE_STRIP = NO;
				DEBUG_INFORMATION_FORMAT = "dwarf-with-dsym";
				ENABLE_NS_ASSERTIONS = NO;
				ENABLE_STRICT_OBJC_MSGSEND = YES;
				GCC_C_LANGUAGE_STANDARD = gnu11;
				GCC_NO_COMMON_BLOCKS = YES;
				GCC_WARN_64_TO_32_BIT_CONVERSION = YES;
				GCC_WARN_ABOUT_RETURN_TYPE = YES_ERROR;
				GCC_WARN_UNDECLARED_SELECTOR = YES;
				GCC_WARN_UNINITIALIZED_AUTOS = YES_AGGRESSIVE;
				GCC_WARN_UNUSED_FUNCTION = YES;
				GCC_WARN_UNUSED_VARIABLE = YES;
				MACOSX_DEPLOYMENT_TARGET = 10.12;
				MTL_ENABLE_DEBUG_INFO = NO;
				SDKROOT = macosx;
			};
			name = Release;
		};
		5246E51A213E06FC00F608E6 /* Debug */ = {
			isa = XCBuildConfiguration;
			buildSettings = {
				CODE_SIGN_STYLE = Automatic;
				HEADER_SEARCH_PATHS = /usr/local/include;
				LIBRARY_SEARCH_PATHS = (
					"$(inherited)",
					/usr/local/Cellar/glfw/3.2.1/lib,
				);
				PRODUCT_NAME = "$(TARGET_NAME)";
			};
			name = Debug;
		};
		5246E51B213E06FC00F608E6 /* Release */ = {
			isa = XCBuildConfiguration;
			buildSettings = {
				CODE_SIGN_STYLE = Automatic;
				HEADER_SEARCH_PATHS = /usr/local/include;
				LIBRARY_SEARCH_PATHS = (
					"$(inherited)",
					/usr/local/Cellar/glfw/3.2.1/lib,
				);
				PRODUCT_NAME = "$(TARGET_NAME)";
			};
			name = Release;
		};
/* End XCBuildConfiguration section */

/* Begin XCConfigurationList section */
		5246E50D213E06FC00F608E6 /* Build configuration list for PBXProject "gltut4" */ = {
			isa = XCConfigurationList;
			buildConfigurations = (
				5246E517213E06FC00F608E6 /* Debug */,
				5246E518213E06FC00F608E6 /* Release */,
			);
			defaultConfigurationIsVisible = 0;
			defaultConfigurationName = Release;
		};
		5246E519213E06FC00F608E6 /* Build configuration list for PBXNativeTarget "gltut4" */ = {
			isa = XCConfigurationList;
			buildConfigurations = (
				5246E51A213E06FC00F608E6 /* Debug */,
				5246E51B213E06FC00F608E6 /* Release */,
			);
			defaultConfigurationIsVisible = 0;
			defaultConfigurationName = Release;
		};
/* End XCConfigurationList section */
	};
	rootObject = 5246E50A213E06FC00F608E6 /* Project object */;
}
